
Microsoft Visual Studio Solution File, Format Version 12.00
# Visual Studio 14
VisualStudioVersion = 14.0.25420.1
MinimumVisualStudioVersion = 10.0.40219.1
Project("{FAE04EC0-301F-11D3-BF4B-00C04F79EFBC}") = "bLogical.GaugeControl", "bLogical.GaugeControl\bLogical.GaugeControl.csproj", "{C78E61D3-799D-4959-8EB9-E14534CEA9E7}"
EndProject
Project("{FAE04EC0-301F-11D3-BF4B-00C04F79EFBC}") = "BizTalk Benchmark Wizard", "BizTalk Benchmark Wizard\BizTalk Benchmark Wizard.csproj", "{56A5B68A-B031-42CC-A897-5D128BB8B20E}"
EndProject
Project("{FAE04EC0-301F-11D3-BF4B-00C04F79EFBC}") = "IndigoService", "IndigoService\IndigoService.csproj", "{28BA7B2C-67BE-4568-821C-B7054509BF08}"
EndProject
Project("{54435603-DBB4-11D2-8724-00A0C9A8B90C}") = "BizTalk Benchmark Wizard Setup", "BizTalk Benchmark Wizard Setup\BizTalk Benchmark Wizard Setup.vdproj", "{79CFB3A2-E132-4EC5-9149-D29551AFEAB5}"
EndProject
Global
	GlobalSection(SolutionConfigurationPlatforms) = preSolution
		Debug|Any CPU = Debug|Any CPU
		Release|Any CPU = Release|Any CPU
	EndGlobalSection
	GlobalSection(ProjectConfigurationPlatforms) = postSolution
		{C78E61D3-799D-4959-8EB9-E14534CEA9E7}.Debug|Any CPU.ActiveCfg = Debug|Any CPU
		{C78E61D3-799D-4959-8EB9-E14534CEA9E7}.Debug|Any CPU.Build.0 = Debug|Any CPU
		{C78E61D3-799D-4959-8EB9-E14534CEA9E7}.Release|Any CPU.ActiveCfg = Release|Any CPU
		{C78E61D3-799D-4959-8EB9-E14534CEA9E7}.Release|Any CPU.Build.0 = Release|Any CPU
		{56A5B68A-B031-42CC-A897-5D128BB8B20E}.Debug|Any CPU.ActiveCfg = Debug|Any CPU
		{56A5B68A-B031-42CC-A897-5D128BB8B20E}.Debug|Any CPU.Build.0 = Debug|Any CPU
		{56A5B68A-B031-42CC-A897-5D128BB8B20E}.Release|Any CPU.ActiveCfg = Release|Any CPU
		{56A5B68A-B031-42CC-A897-5D128BB8B20E}.Release|Any CPU.Build.0 = Release|Any CPU
		{28BA7B2C-67BE-4568-821C-B7054509BF08}.Debug|Any CPU.ActiveCfg = Release|Any CPU
		{28BA7B2C-67BE-4568-821C-B7054509BF08}.Debug|Any CPU.Build.0 = Release|Any CPU
		{28BA7B2C-67BE-4568-821C-B7054509BF08}.Release|Any CPU.ActiveCfg = Release|Any CPU
		{28BA7B2C-67BE-4568-821C-B7054509BF08}.Release|Any CPU.Build.0 = Release|Any CPU
		{79CFB3A2-E132-4EC5-9149-D29551AFEAB5}.Debug|Any CPU.ActiveCfg = Debug
		{79CFB3A2-E132-4EC5-9149-D29551AFEAB5}.Debug|Any CPU.Build.0 = Debug
		{79CFB3A2-E132-4EC5-9149-D29551AFEAB5}.Release|Any CPU.ActiveCfg = Release
		{79CFB3A2-E132-4EC5-9149-D29551AFEAB5}.Release|Any CPU.Build.0 = Release
	EndGlobalSection
	GlobalSection(SolutionProperties) = preSolution
		HideSolutionNode = FALSE
	EndGlobalSection
EndGlobal
